
Microsoft Visual Studio Solution File, Format Version 12.00
# Visual Studio Version 17
VisualStudioVersion = 17.7.34018.315
MinimumVisualStudioVersion = 10.0.40219.1
Project("{FAE04EC0-301F-11D3-BF4B-00C04F79EFBC}") = "ZadatakA6-PolovniAutomobili", "ZadatakA6-PolovniAutomobili\ZadatakA6-PolovniAutomobili.csproj", "{A67A31DD-8C03-4F2D-86B9-953A68910A9A}"
EndProject
Global
	GlobalSection(SolutionConfigurationPlatforms) = preSolution
		Debug|Any CPU = Debug|Any CPU
		Release|Any CPU = Release|Any CPU
	EndGlobalSection
	GlobalSection(ProjectConfigurationPlatforms) = postSolution
		{A67A31DD-8C03-4F2D-86B9-953A68910A9A}.Debug|Any CPU.ActiveCfg = Debug|Any CPU
		{A67A31DD-8C03-4F2D-86B9-953A68910A9A}.Debug|Any CPU.Build.0 = Debug|Any CPU
		{A67A31DD-8C03-4F2D-86B9-953A68910A9A}.Release|Any CPU.ActiveCfg = Release|Any CPU
		{A67A31DD-8C03-4F2D-86B9-953A68910A9A}.Release|Any CPU.Build.0 = Release|Any CPU
	EndGlobalSection
	GlobalSection(SolutionProperties) = preSolution
		HideSolutionNode = FALSE
	EndGlobalSection
	GlobalSection(ExtensibilityGlobals) = postSolution
		SolutionGuid = {02ACF5C0-3309-47B8-9FDC-E9B5FBACA67F}
	EndGlobalSection
EndGlobal
